
Microsoft Visual Studio Solution File, Format Version 12.00
# Visual Studio Version 17
VisualStudioVersion = 17.3.32811.315
MinimumVisualStudioVersion = 10.0.40219.1
Project("{9A19103F-16F7-4668-BE54-9A1E7A4F7556}") = "PhoneCamWithAndroidCam", "PhoneCamWithAndroidCam\PhoneCamWithAndroidCam.csproj", "{C76F71AA-B1A3-4305-BC00-AC6F889B5BF3}"
EndProject
Project("{9A19103F-16F7-4668-BE54-9A1E7A4F7556}") = "AndroidCamClient", "AndroidCamClient\AndroidCamClient.csproj", "{53031269-6655-429A-B424-79F8B5DBABFB}"
EndProject
Project("{9A19103F-16F7-4668-BE54-9A1E7A4F7556}") = "ImageProcessingUtils", "ImageProcessingUtils\ImageProcessingUtils.csproj", "{639813F9-F2A0-416E-8C1E-71914FCCBACE}"
EndProject
Project("{9A19103F-16F7-4668-BE54-9A1E7A4F7556}") = "PhoneCamWithAndroidCamTests", "PhoneCamWithAndroidCamTests\PhoneCamWithAndroidCamTests.csproj", "{3ECB42D3-80CB-4384-866B-783DB61A3CD4}"
EndProject
Project("{9A19103F-16F7-4668-BE54-9A1E7A4F7556}") = "FiltersBenchmark", "FiltersBenchmark\FiltersBenchmark.csproj", "{F0360C2E-260F-4FF9-8658-E64465422643}"
EndProject
Project("{9A19103F-16F7-4668-BE54-9A1E7A4F7556}") = "ProcessingPipelines", "ProcessingPipelines\ProcessingPipelines.csproj", "{E4A63805-E3A4-4C1B-9679-CC9B367D1959}"
EndProject
Project("{2150E333-8FDC-42A3-9474-1A3956D46DE8}") = "Solution Items", "Solution Items", "{2C1CC59D-CBD1-4AEF-844E-63A08CA9DD9E}"
	ProjectSection(SolutionItems) = preProject
		.editorconfig = .editorconfig
	EndProjectSection
EndProject
Project("{2150E333-8FDC-42A3-9474-1A3956D46DE8}") = "ExperimentalPipelines", "ExperimentalPipelines", "{3AF37946-2D49-4CC0-854A-49C897126201}"
EndProject
Project("{2150E333-8FDC-42A3-9474-1A3956D46DE8}") = "SDK", "SDK", "{639B4491-23BA-468F-BBFC-9150EFCEF9E8}"
EndProject
Project("{9A19103F-16F7-4668-BE54-9A1E7A4F7556}") = "Helper.MVVM", "SDK\Helper.MVVM\Helper.MVVM.csproj", "{250DC23B-32E3-4E53-AA1A-10664286F82A}"
EndProject
Project("{9A19103F-16F7-4668-BE54-9A1E7A4F7556}") = "Wpf.Common", "SDK\Wpf.Common\Wpf.Common.csproj", "{93D49004-DF5F-48BA-A06F-AD706AECBD8A}"
EndProject
Project("{9A19103F-16F7-4668-BE54-9A1E7A4F7556}") = "Helper.Collection", "SDK\Helper.Collection\Helper.Collection.csproj", "{1E308C86-1FC6-42BB-BD21-55C1D0F8BD2D}"
EndProject
Project("{9A19103F-16F7-4668-BE54-9A1E7A4F7556}") = "Helper.Serializer", "SDK\Helper.Serializer\Helper.Serializer.csproj", "{5882121C-C08C-4CB0-A817-B8CF5670F335}"
EndProject
Global
	GlobalSection(SolutionConfigurationPlatforms) = preSolution
		Debug|Any CPU = Debug|Any CPU
		Debug|x64 = Debug|x64
		Release|Any CPU = Release|Any CPU
		Release|x64 = Release|x64
	EndGlobalSection
	GlobalSection(ProjectConfigurationPlatforms) = postSolution
		{C76F71AA-B1A3-4305-BC00-AC6F889B5BF3}.Debug|Any CPU.ActiveCfg = Debug|Any CPU
		{C76F71AA-B1A3-4305-BC00-AC6F889B5BF3}.Debug|Any CPU.Build.0 = Debug|Any CPU
		{C76F71AA-B1A3-4305-BC00-AC6F889B5BF3}.Debug|x64.ActiveCfg = Debug|Any CPU
		{C76F71AA-B1A3-4305-BC00-AC6F889B5BF3}.Debug|x64.Build.0 = Debug|Any CPU
		{C76F71AA-B1A3-4305-BC00-AC6F889B5BF3}.Release|Any CPU.ActiveCfg = Release|Any CPU
		{C76F71AA-B1A3-4305-BC00-AC6F889B5BF3}.Release|Any CPU.Build.0 = Release|Any CPU
		{C76F71AA-B1A3-4305-BC00-AC6F889B5BF3}.Release|x64.ActiveCfg = Release|Any CPU
		{C76F71AA-B1A3-4305-BC00-AC6F889B5BF3}.Release|x64.Build.0 = Release|Any CPU
		{53031269-6655-429A-B424-79F8B5DBABFB}.Debug|Any CPU.ActiveCfg = Debug|Any CPU
		{53031269-6655-429A-B424-79F8B5DBABFB}.Debug|Any CPU.Build.0 = Debug|Any CPU
		{53031269-6655-429A-B424-79F8B5DBABFB}.Debug|x64.ActiveCfg = Debug|Any CPU
		{53031269-6655-429A-B424-79F8B5DBABFB}.Debug|x64.Build.0 = Debug|Any CPU
		{53031269-6655-429A-B424-79F8B5DBABFB}.Release|Any CPU.ActiveCfg = Release|Any CPU
		{53031269-6655-429A-B424-79F8B5DBABFB}.Release|Any CPU.Build.0 = Release|Any CPU
		{53031269-6655-429A-B424-79F8B5DBABFB}.Release|x64.ActiveCfg = Release|Any CPU
		{53031269-6655-429A-B424-79F8B5DBABFB}.Release|x64.Build.0 = Release|Any CPU
		{639813F9-F2A0-416E-8C1E-71914FCCBACE}.Debug|Any CPU.ActiveCfg = Debug|Any CPU
		{639813F9-F2A0-416E-8C1E-71914FCCBACE}.Debug|Any CPU.Build.0 = Debug|Any CPU
		{639813F9-F2A0-416E-8C1E-71914FCCBACE}.Debug|x64.ActiveCfg = Debug|Any CPU
		{639813F9-F2A0-416E-8C1E-71914FCCBACE}.Debug|x64.Build.0 = Debug|Any CPU
		{639813F9-F2A0-416E-8C1E-71914FCCBACE}.Release|Any CPU.ActiveCfg = Release|Any CPU
		{639813F9-F2A0-416E-8C1E-71914FCCBACE}.Release|Any CPU.Build.0 = Release|Any CPU
		{639813F9-F2A0-416E-8C1E-71914FCCBACE}.Release|x64.ActiveCfg = Release|Any CPU
		{639813F9-F2A0-416E-8C1E-71914FCCBACE}.Release|x64.Build.0 = Release|Any CPU
		{3ECB42D3-80CB-4384-866B-783DB61A3CD4}.Debug|Any CPU.ActiveCfg = Debug|Any CPU
		{3ECB42D3-80CB-4384-866B-783DB61A3CD4}.Debug|Any CPU.Build.0 = Debug|Any CPU
		{3ECB42D3-80CB-4384-866B-783DB61A3CD4}.Debug|x64.ActiveCfg = Debug|Any CPU
		{3ECB42D3-80CB-4384-866B-783DB61A3CD4}.Debug|x64.Build.0 = Debug|Any CPU
		{3ECB42D3-80CB-4384-866B-783DB61A3CD4}.Release|Any CPU.ActiveCfg = Release|Any CPU
		{3ECB42D3-80CB-4384-866B-783DB61A3CD4}.Release|Any CPU.Build.0 = Release|Any CPU
		{3ECB42D3-80CB-4384-866B-783DB61A3CD4}.Release|x64.ActiveCfg = Release|Any CPU
		{3ECB42D3-80CB-4384-866B-783DB61A3CD4}.Release|x64.Build.0 = Release|Any CPU
		{F0360C2E-260F-4FF9-8658-E64465422643}.Debug|Any CPU.ActiveCfg = Debug|Any CPU
		{F0360C2E-260F-4FF9-8658-E64465422643}.Debug|Any CPU.Build.0 = Debug|Any CPU
		{F0360C2E-260F-4FF9-8658-E64465422643}.Debug|x64.ActiveCfg = Debug|x64
		{F0360C2E-260F-4FF9-8658-E64465422643}.Debug|x64.Build.0 = Debug|x64
		{F0360C2E-260F-4FF9-8658-E64465422643}.Release|Any CPU.ActiveCfg = Release|Any CPU
		{F0360C2E-260F-4FF9-8658-E64465422643}.Release|Any CPU.Build.0 = Release|Any CPU
		{F0360C2E-260F-4FF9-8658-E64465422643}.Release|x64.ActiveCfg = Release|x64
		{F0360C2E-260F-4FF9-8658-E64465422643}.Release|x64.Build.0 = Release|x64
		{E4A63805-E3A4-4C1B-9679-CC9B367D1959}.Debug|Any CPU.ActiveCfg = Debug|Any CPU
		{E4A63805-E3A4-4C1B-9679-CC9B367D1959}.Debug|Any CPU.Build.0 = Debug|Any CPU
		{E4A63805-E3A4-4C1B-9679-CC9B367D1959}.Debug|x64.ActiveCfg = Debug|Any CPU
		{E4A63805-E3A4-4C1B-9679-CC9B367D1959}.Debug|x64.Build.0 = Debug|Any CPU
		{E4A63805-E3A4-4C1B-9679-CC9B367D1959}.Release|Any CPU.ActiveCfg = Release|Any CPU
		{E4A63805-E3A4-4C1B-9679-CC9B367D1959}.Release|Any CPU.Build.0 = Release|Any CPU
		{E4A63805-E3A4-4C1B-9679-CC9B367D1959}.Release|x64.ActiveCfg = Release|Any CPU
		{E4A63805-E3A4-4C1B-9679-CC9B367D1959}.Release|x64.Build.0 = Release|Any CPU
		{250DC23B-32E3-4E53-AA1A-10664286F82A}.Debug|Any CPU.ActiveCfg = Debug|Any CPU
		{250DC23B-32E3-4E53-AA1A-10664286F82A}.Debug|Any CPU.Build.0 = Debug|Any CPU
		{250DC23B-32E3-4E53-AA1A-10664286F82A}.Debug|x64.ActiveCfg = Debug|Any CPU
		{250DC23B-32E3-4E53-AA1A-10664286F82A}.Debug|x64.Build.0 = Debug|Any CPU
		{250DC23B-32E3-4E53-AA1A-10664286F82A}.Release|Any CPU.ActiveCfg = Release|Any CPU
		{250DC23B-32E3-4E53-AA1A-10664286F82A}.Release|Any CPU.Build.0 = Release|Any CPU
		{250DC23B-32E3-4E53-AA1A-10664286F82A}.Release|x64.ActiveCfg = Release|Any CPU
		{250DC23B-32E3-4E53-AA1A-10664286F82A}.Release|x64.Build.0 = Release|Any CPU
		{93D49004-DF5F-48BA-A06F-AD706AECBD8A}.Debug|Any CPU.ActiveCfg = Debug|Any CPU
		{93D49004-DF5F-48BA-A06F-AD706AECBD8A}.Debug|Any CPU.Build.0 = Debug|Any CPU
		{93D49004-DF5F-48BA-A06F-AD706AECBD8A}.Debug|x64.ActiveCfg = Debug|Any CPU
		{93D49004-DF5F-48BA-A06F-AD706AECBD8A}.Debug|x64.Build.0 = Debug|Any CPU
		{93D49004-DF5F-48BA-A06F-AD706AECBD8A}.Release|Any CPU.ActiveCfg = Release|Any CPU
		{93D49004-DF5F-48BA-A06F-AD706AECBD8A}.Release|Any CPU.Build.0 = Release|Any CPU
		{93D49004-DF5F-48BA-A06F-AD706AECBD8A}.Release|x64.ActiveCfg = Release|Any CPU
		{93D49004-DF5F-48BA-A06F-AD706AECBD8A}.Release|x64.Build.0 = Release|Any CPU
		{1E308C86-1FC6-42BB-BD21-55C1D0F8BD2D}.Debug|Any CPU.ActiveCfg = Debug|Any CPU
		{1E308C86-1FC6-42BB-BD21-55C1D0F8BD2D}.Debug|Any CPU.Build.0 = Debug|Any CPU
		{1E308C86-1FC6-42BB-BD21-55C1D0F8BD2D}.Debug|x64.ActiveCfg = Debug|Any CPU
		{1E308C86-1FC6-42BB-BD21-55C1D0F8BD2D}.Debug|x64.Build.0 = Debug|Any CPU
		{1E308C86-1FC6-42BB-BD21-55C1D0F8BD2D}.Release|Any CPU.ActiveCfg = Release|Any CPU
		{1E308C86-1FC6-42BB-BD21-55C1D0F8BD2D}.Release|Any CPU.Build.0 = Release|Any CPU
		{1E308C86-1FC6-42BB-BD21-55C1D0F8BD2D}.Release|x64.ActiveCfg = Release|Any CPU
		{1E308C86-1FC6-42BB-BD21-55C1D0F8BD2D}.Release|x64.Build.0 = Release|Any CPU
		{5882121C-C08C-4CB0-A817-B8CF5670F335}.Debug|Any CPU.ActiveCfg = Debug|Any CPU
		{5882121C-C08C-4CB0-A817-B8CF5670F335}.Debug|Any CPU.Build.0 = Debug|Any CPU
		{5882121C-C08C-4CB0-A817-B8CF5670F335}.Debug|x64.ActiveCfg = Debug|Any CPU
		{5882121C-C08C-4CB0-A817-B8CF5670F335}.Debug|x64.Build.0 = Debug|Any CPU
		{5882121C-C08C-4CB0-A817-B8CF5670F335}.Release|Any CPU.ActiveCfg = Release|Any CPU
		{5882121C-C08C-4CB0-A817-B8CF5670F335}.Release|Any CPU.Build.0 = Release|Any CPU
		{5882121C-C08C-4CB0-A817-B8CF5670F335}.Release|x64.ActiveCfg = Release|Any CPU
		{5882121C-C08C-4CB0-A817-B8CF5670F335}.Release|x64.Build.0 = Release|Any CPU
	EndGlobalSection
	GlobalSection(SolutionProperties) = preSolution
		HideSolutionNode = FALSE
	EndGlobalSection
	GlobalSection(NestedProjects) = preSolution
		{C76F71AA-B1A3-4305-BC00-AC6F889B5BF3} = {3AF37946-2D49-4CC0-854A-49C897126201}
		{53031269-6655-429A-B424-79F8B5DBABFB} = {3AF37946-2D49-4CC0-854A-49C897126201}
		{639813F9-F2A0-416E-8C1E-71914FCCBACE} = {3AF37946-2D49-4CC0-854A-49C897126201}
		{3ECB42D3-80CB-4384-866B-783DB61A3CD4} = {3AF37946-2D49-4CC0-854A-49C897126201}
		{F0360C2E-260F-4FF9-8658-E64465422643} = {3AF37946-2D49-4CC0-854A-49C897126201}
		{E4A63805-E3A4-4C1B-9679-CC9B367D1959} = {3AF37946-2D49-4CC0-854A-49C897126201}
		{250DC23B-32E3-4E53-AA1A-10664286F82A} = {639B4491-23BA-468F-BBFC-9150EFCEF9E8}
		{93D49004-DF5F-48BA-A06F-AD706AECBD8A} = {639B4491-23BA-468F-BBFC-9150EFCEF9E8}
		{1E308C86-1FC6-42BB-BD21-55C1D0F8BD2D} = {639B4491-23BA-468F-BBFC-9150EFCEF9E8}
		{5882121C-C08C-4CB0-A817-B8CF5670F335} = {639B4491-23BA-468F-BBFC-9150EFCEF9E8}
	EndGlobalSection
	GlobalSection(ExtensibilityGlobals) = postSolution
		SolutionGuid = {EDE8560A-1DCB-4BDC-88B7-42974D9FBF1F}
	EndGlobalSection
EndGlobal
